
Microsoft Visual Studio Solution File, Format Version 12.00
# Visual Studio Version 16
VisualStudioVersion = 16.0.29806.167
MinimumVisualStudioVersion = 10.0.40219.1
Project("{FAE04EC0-301F-11D3-BF4B-00C04F79EFBC}") = "DAL", "DAL\DAL.csproj", "{8D4ADB88-6BE0-498E-B5FE-3878DF407742}"
EndProject
Project("{9A19103F-16F7-4668-BE54-9A1E7A4F7556}") = "EntitiesStandart", "EntitiesStandart\EntitiesStandart.csproj", "{B82777D6-C458-4088-B896-05A68D39B767}"
EndProject
Project("{FAE04EC0-301F-11D3-BF4B-00C04F79EFBC}") = "TestConsola", "TestConsola\TestConsola.csproj", "{1DBC5F83-20F2-413C-A09E-DD741534EAFF}"
EndProject
Project("{FAE04EC0-301F-11D3-BF4B-00C04F79EFBC}") = "BLL", "BLL\BLL.csproj", "{10BC6B5A-B8B0-43C5-AC34-25C6B96CC9A4}"
EndProject
Project("{FAE04EC0-301F-11D3-BF4B-00C04F79EFBC}") = "SLC", "SLC\SLC.csproj", "{8C6310FD-65C0-44C0-AE18-E741847F1FCC}"
EndProject
Project("{FAE04EC0-301F-11D3-BF4B-00C04F79EFBC}") = "Service", "Service\Service.csproj", "{6E0679DB-D792-4811-9BE4-8CDC1FBD65C7}"
EndProject
Project("{9A19103F-16F7-4668-BE54-9A1E7A4F7556}") = "NWindProxyService", "NWindProxyService\NWindProxyService.csproj", "{ED2A16DB-E50A-46FC-B006-08694C662F09}"
EndProject
Project("{FAE04EC0-301F-11D3-BF4B-00C04F79EFBC}") = "NWind.MVCCPLS", "NWind.MVCCPLS\NWind.MVCCPLS.csproj", "{3571C510-3B90-4F2D-9A1B-52676CDCBCDD}"
EndProject
Project("{9A19103F-16F7-4668-BE54-9A1E7A4F7556}") = "NWind.ViewModel", "NWind.ViewModel\NWind.ViewModel.csproj", "{F460ABE7-E38F-4FC4-934A-692056BDDE02}"
EndProject
Project("{FAE04EC0-301F-11D3-BF4B-00C04F79EFBC}") = "NWind.XamarinApp.UWP", "NWind.XamarinApp\NWind.XamarinApp.UWP\NWind.XamarinApp.UWP.csproj", "{8E2C56CF-CB42-4EAF-8883-C2E9CE125819}"
EndProject
Project("{FAE04EC0-301F-11D3-BF4B-00C04F79EFBC}") = "NWind.XamarinApp.Android", "NWind.XamarinApp\NWind.XamarinApp.Android\NWind.XamarinApp.Android.csproj", "{1C25F4F8-1B4B-4A6C-B204-0D91847C5E02}"
EndProject
Project("{FAE04EC0-301F-11D3-BF4B-00C04F79EFBC}") = "NWind.XamarinApp.iOS", "NWind.XamarinApp\NWind.XamarinApp.iOS\NWind.XamarinApp.iOS.csproj", "{4025D048-D244-4216-B204-F77D3D07D866}"
EndProject
Project("{9A19103F-16F7-4668-BE54-9A1E7A4F7556}") = "NWind.XamarinApp", "NWind.XamarinApp\NWind.XamarinApp\NWind.XamarinApp.csproj", "{2E3D6432-D353-4879-AEF4-2512C951393D}"
EndProject
Global
	GlobalSection(SolutionConfigurationPlatforms) = preSolution
		Debug|Any CPU = Debug|Any CPU
		Debug|ARM = Debug|ARM
		Debug|iPhone = Debug|iPhone
		Debug|iPhoneSimulator = Debug|iPhoneSimulator
		Debug|x64 = Debug|x64
		Debug|x86 = Debug|x86
		Release|Any CPU = Release|Any CPU
		Release|ARM = Release|ARM
		Release|iPhone = Release|iPhone
		Release|iPhoneSimulator = Release|iPhoneSimulator
		Release|x64 = Release|x64
		Release|x86 = Release|x86
	EndGlobalSection
	GlobalSection(ProjectConfigurationPlatforms) = postSolution
		{8D4ADB88-6BE0-498E-B5FE-3878DF407742}.Debug|Any CPU.ActiveCfg = Debug|Any CPU
		{8D4ADB88-6BE0-498E-B5FE-3878DF407742}.Debug|Any CPU.Build.0 = Debug|Any CPU
		{8D4ADB88-6BE0-498E-B5FE-3878DF407742}.Debug|ARM.ActiveCfg = Debug|Any CPU
		{8D4ADB88-6BE0-498E-B5FE-3878DF407742}.Debug|ARM.Build.0 = Debug|Any CPU
		{8D4ADB88-6BE0-498E-B5FE-3878DF407742}.Debug|iPhone.ActiveCfg = Debug|Any CPU
		{8D4ADB88-6BE0-498E-B5FE-3878DF407742}.Debug|iPhone.Build.0 = Debug|Any CPU
		{8D4ADB88-6BE0-498E-B5FE-3878DF407742}.Debug|iPhoneSimulator.ActiveCfg = Debug|Any CPU
		{8D4ADB88-6BE0-498E-B5FE-3878DF407742}.Debug|iPhoneSimulator.Build.0 = Debug|Any CPU
		{8D4ADB88-6BE0-498E-B5FE-3878DF407742}.Debug|x64.ActiveCfg = Debug|Any CPU
		{8D4ADB88-6BE0-498E-B5FE-3878DF407742}.Debug|x64.Build.0 = Debug|Any CPU
		{8D4ADB88-6BE0-498E-B5FE-3878DF407742}.Debug|x86.ActiveCfg = Debug|Any CPU
		{8D4ADB88-6BE0-498E-B5FE-3878DF407742}.Debug|x86.Build.0 = Debug|Any CPU
		{8D4ADB88-6BE0-498E-B5FE-3878DF407742}.Release|Any CPU.ActiveCfg = Release|Any CPU
		{8D4ADB88-6BE0-498E-B5FE-3878DF407742}.Release|Any CPU.Build.0 = Release|Any CPU
		{8D4ADB88-6BE0-498E-B5FE-3878DF407742}.Release|ARM.ActiveCfg = Release|Any CPU
		{8D4ADB88-6BE0-498E-B5FE-3878DF407742}.Release|ARM.Build.0 = Release|Any CPU
		{8D4ADB88-6BE0-498E-B5FE-3878DF407742}.Release|iPhone.ActiveCfg = Release|Any CPU
		{8D4ADB88-6BE0-498E-B5FE-3878DF407742}.Release|iPhone.Build.0 = Release|Any CPU
		{8D4ADB88-6BE0-498E-B5FE-3878DF407742}.Release|iPhoneSimulator.ActiveCfg = Release|Any CPU
		{8D4ADB88-6BE0-498E-B5FE-3878DF407742}.Release|iPhoneSimulator.Build.0 = Release|Any CPU
		{8D4ADB88-6BE0-498E-B5FE-3878DF407742}.Release|x64.ActiveCfg = Release|Any CPU
		{8D4ADB88-6BE0-498E-B5FE-3878DF407742}.Release|x64.Build.0 = Release|Any CPU
		{8D4ADB88-6BE0-498E-B5FE-3878DF407742}.Release|x86.ActiveCfg = Release|Any CPU
		{8D4ADB88-6BE0-498E-B5FE-3878DF407742}.Release|x86.Build.0 = Release|Any CPU
		{B82777D6-C458-4088-B896-05A68D39B767}.Debug|Any CPU.ActiveCfg = Debug|Any CPU
		{B82777D6-C458-4088-B896-05A68D39B767}.Debug|Any CPU.Build.0 = Debug|Any CPU
		{B82777D6-C458-4088-B896-05A68D39B767}.Debug|ARM.ActiveCfg = Debug|Any CPU
		{B82777D6-C458-4088-B896-05A68D39B767}.Debug|ARM.Build.0 = Debug|Any CPU
		{B82777D6-C458-4088-B896-05A68D39B767}.Debug|iPhone.ActiveCfg = Debug|Any CPU
		{B82777D6-C458-4088-B896-05A68D39B767}.Debug|iPhone.Build.0 = Debug|Any CPU
		{B82777D6-C458-4088-B896-05A68D39B767}.Debug|iPhoneSimulator.ActiveCfg = Debug|Any CPU
		{B82777D6-C458-4088-B896-05A68D39B767}.Debug|iPhoneSimulator.Build.0 = Debug|Any CPU
		{B82777D6-C458-4088-B896-05A68D39B767}.Debug|x64.ActiveCfg = Debug|Any CPU
		{B82777D6-C458-4088-B896-05A68D39B767}.Debug|x64.Build.0 = Debug|Any CPU
		{B82777D6-C458-4088-B896-05A68D39B767}.Debug|x86.ActiveCfg = Debug|Any CPU
		{B82777D6-C458-4088-B896-05A68D39B767}.Debug|x86.Build.0 = Debug|Any CPU
		{B82777D6-C458-4088-B896-05A68D39B767}.Release|Any CPU.ActiveCfg = Release|Any CPU
		{B82777D6-C458-4088-B896-05A68D39B767}.Release|Any CPU.Build.0 = Release|Any CPU
		{B82777D6-C458-4088-B896-05A68D39B767}.Release|ARM.ActiveCfg = Release|Any CPU
		{B82777D6-C458-4088-B896-05A68D39B767}.Release|ARM.Build.0 = Release|Any CPU
		{B82777D6-C458-4088-B896-05A68D39B767}.Release|iPhone.ActiveCfg = Release|Any CPU
		{B82777D6-C458-4088-B896-05A68D39B767}.Release|iPhone.Build.0 = Release|Any CPU
		{B82777D6-C458-4088-B896-05A68D39B767}.Release|iPhoneSimulator.ActiveCfg = Release|Any CPU
		{B82777D6-C458-4088-B896-05A68D39B767}.Release|iPhoneSimulator.Build.0 = Release|Any CPU
		{B82777D6-C458-4088-B896-05A68D39B767}.Release|x64.ActiveCfg = Release|Any CPU
		{B82777D6-C458-4088-B896-05A68D39B767}.Release|x64.Build.0 = Release|Any CPU
		{B82777D6-C458-4088-B896-05A68D39B767}.Release|x86.ActiveCfg = Release|Any CPU
		{B82777D6-C458-4088-B896-05A68D39B767}.Release|x86.Build.0 = Release|Any CPU
		{1DBC5F83-20F2-413C-A09E-DD741534EAFF}.Debug|Any CPU.ActiveCfg = Debug|Any CPU
		{1DBC5F83-20F2-413C-A09E-DD741534EAFF}.Debug|Any CPU.Build.0 = Debug|Any CPU
		{1DBC5F83-20F2-413C-A09E-DD741534EAFF}.Debug|ARM.ActiveCfg = Debug|Any CPU
		{1DBC5F83-20F2-413C-A09E-DD741534EAFF}.Debug|ARM.Build.0 = Debug|Any CPU
		{1DBC5F83-20F2-413C-A09E-DD741534EAFF}.Debug|iPhone.ActiveCfg = Debug|Any CPU
		{1DBC5F83-20F2-413C-A09E-DD741534EAFF}.Debug|iPhone.Build.0 = Debug|Any CPU
		{1DBC5F83-20F2-413C-A09E-DD741534EAFF}.Debug|iPhoneSimulator.ActiveCfg = Debug|Any CPU
		{1DBC5F83-20F2-413C-A09E-DD741534EAFF}.Debug|iPhoneSimulator.Build.0 = Debug|Any CPU
		{1DBC5F83-20F2-413C-A09E-DD741534EAFF}.Debug|x64.ActiveCfg = Debug|Any CPU
		{1DBC5F83-20F2-413C-A09E-DD741534EAFF}.Debug|x64.Build.0 = Debug|Any CPU
		{1DBC5F83-20F2-413C-A09E-DD741534EAFF}.Debug|x86.ActiveCfg = Debug|Any CPU
		{1DBC5F83-20F2-413C-A09E-DD741534EAFF}.Debug|x86.Build.0 = Debug|Any CPU
		{1DBC5F83-20F2-413C-A09E-DD741534EAFF}.Release|Any CPU.ActiveCfg = Release|Any CPU
		{1DBC5F83-20F2-413C-A09E-DD741534EAFF}.Release|Any CPU.Build.0 = Release|Any CPU
		{1DBC5F83-20F2-413C-A09E-DD741534EAFF}.Release|ARM.ActiveCfg = Release|Any CPU
		{1DBC5F83-20F2-413C-A09E-DD741534EAFF}.Release|ARM.Build.0 = Release|Any CPU
		{1DBC5F83-20F2-413C-A09E-DD741534EAFF}.Release|iPhone.ActiveCfg = Release|Any CPU
		{1DBC5F83-20F2-413C-A09E-DD741534EAFF}.Release|iPhone.Build.0 = Release|Any CPU
		{1DBC5F83-20F2-413C-A09E-DD741534EAFF}.Release|iPhoneSimulator.ActiveCfg = Release|Any CPU
		{1DBC5F83-20F2-413C-A09E-DD741534EAFF}.Release|iPhoneSimulator.Build.0 = Release|Any CPU
		{1DBC5F83-20F2-413C-A09E-DD741534EAFF}.Release|x64.ActiveCfg = Release|Any CPU
		{1DBC5F83-20F2-413C-A09E-DD741534EAFF}.Release|x64.Build.0 = Release|Any CPU
		{1DBC5F83-20F2-413C-A09E-DD741534EAFF}.Release|x86.ActiveCfg = Release|Any CPU
		{1DBC5F83-20F2-413C-A09E-DD741534EAFF}.Release|x86.Build.0 = Release|Any CPU
		{10BC6B5A-B8B0-43C5-AC34-25C6B96CC9A4}.Debug|Any CPU.ActiveCfg = Debug|Any CPU
		{10BC6B5A-B8B0-43C5-AC34-25C6B96CC9A4}.Debug|Any CPU.Build.0 = Debug|Any CPU
		{10BC6B5A-B8B0-43C5-AC34-25C6B96CC9A4}.Debug|ARM.ActiveCfg = Debug|Any CPU
		{10BC6B5A-B8B0-43C5-AC34-25C6B96CC9A4}.Debug|ARM.Build.0 = Debug|Any CPU
		{10BC6B5A-B8B0-43C5-AC34-25C6B96CC9A4}.Debug|iPhone.ActiveCfg = Debug|Any CPU
		{10BC6B5A-B8B0-43C5-AC34-25C6B96CC9A4}.Debug|iPhone.Build.0 = Debug|Any CPU
		{10BC6B5A-B8B0-43C5-AC34-25C6B96CC9A4}.Debug|iPhoneSimulator.ActiveCfg = Debug|Any CPU
		{10BC6B5A-B8B0-43C5-AC34-25C6B96CC9A4}.Debug|iPhoneSimulator.Build.0 = Debug|Any CPU
		{10BC6B5A-B8B0-43C5-AC34-25C6B96CC9A4}.Debug|x64.ActiveCfg = Debug|Any CPU
		{10BC6B5A-B8B0-43C5-AC34-25C6B96CC9A4}.Debug|x64.Build.0 = Debug|Any CPU
		{10BC6B5A-B8B0-43C5-AC34-25C6B96CC9A4}.Debug|x86.ActiveCfg = Debug|Any CPU
		{10BC6B5A-B8B0-43C5-AC34-25C6B96CC9A4}.Debug|x86.Build.0 = Debug|Any CPU
		{10BC6B5A-B8B0-43C5-AC34-25C6B96CC9A4}.Release|Any CPU.ActiveCfg = Release|Any CPU
		{10BC6B5A-B8B0-43C5-AC34-25C6B96CC9A4}.Release|Any CPU.Build.0 = Release|Any CPU
		{10BC6B5A-B8B0-43C5-AC34-25C6B96CC9A4}.Release|ARM.ActiveCfg = Release|Any CPU
		{10BC6B5A-B8B0-43C5-AC34-25C6B96CC9A4}.Release|ARM.Build.0 = Release|Any CPU
		{10BC6B5A-B8B0-43C5-AC34-25C6B96CC9A4}.Release|iPhone.ActiveCfg = Release|Any CPU
		{10BC6B5A-B8B0-43C5-AC34-25C6B96CC9A4}.Release|iPhone.Build.0 = Release|Any CPU
		{10BC6B5A-B8B0-43C5-AC34-25C6B96CC9A4}.Release|iPhoneSimulator.ActiveCfg = Release|Any CPU
		{10BC6B5A-B8B0-43C5-AC34-25C6B96CC9A4}.Release|iPhoneSimulator.Build.0 = Release|Any CPU
		{10BC6B5A-B8B0-43C5-AC34-25C6B96CC9A4}.Release|x64.ActiveCfg = Release|Any CPU
		{10BC6B5A-B8B0-43C5-AC34-25C6B96CC9A4}.Release|x64.Build.0 = Release|Any CPU
		{10BC6B5A-B8B0-43C5-AC34-25C6B96CC9A4}.Release|x86.ActiveCfg = Release|Any CPU
		{10BC6B5A-B8B0-43C5-AC34-25C6B96CC9A4}.Release|x86.Build.0 = Release|Any CPU
		{8C6310FD-65C0-44C0-AE18-E741847F1FCC}.Debug|Any CPU.ActiveCfg = Debug|Any CPU
		{8C6310FD-65C0-44C0-AE18-E741847F1FCC}.Debug|Any CPU.Build.0 = Debug|Any CPU
		{8C6310FD-65C0-44C0-AE18-E741847F1FCC}.Debug|ARM.ActiveCfg = Debug|Any CPU
		{8C6310FD-65C0-44C0-AE18-E741847F1FCC}.Debug|ARM.Build.0 = Debug|Any CPU
		{8C6310FD-65C0-44C0-AE18-E741847F1FCC}.Debug|iPhone.ActiveCfg = Debug|Any CPU
		{8C6310FD-65C0-44C0-AE18-E741847F1FCC}.Debug|iPhone.Build.0 = Debug|Any CPU
		{8C6310FD-65C0-44C0-AE18-E741847F1FCC}.Debug|iPhoneSimulator.ActiveCfg = Debug|Any CPU
		{8C6310FD-65C0-44C0-AE18-E741847F1FCC}.Debug|iPhoneSimulator.Build.0 = Debug|Any CPU
		{8C6310FD-65C0-44C0-AE18-E741847F1FCC}.Debug|x64.ActiveCfg = Debug|Any CPU
		{8C6310FD-65C0-44C0-AE18-E741847F1FCC}.Debug|x64.Build.0 = Debug|Any CPU
		{8C6310FD-65C0-44C0-AE18-E741847F1FCC}.Debug|x86.ActiveCfg = Debug|Any CPU
		{8C6310FD-65C0-44C0-AE18-E741847F1FCC}.Debug|x86.Build.0 = Debug|Any CPU
		{8C6310FD-65C0-44C0-AE18-E741847F1FCC}.Release|Any CPU.ActiveCfg = Release|Any CPU
		{8C6310FD-65C0-44C0-AE18-E741847F1FCC}.Release|Any CPU.Build.0 = Release|Any CPU
		{8C6310FD-65C0-44C0-AE18-E741847F1FCC}.Release|ARM.ActiveCfg = Release|Any CPU
		{8C6310FD-65C0-44C0-AE18-E741847F1FCC}.Release|ARM.Build.0 = Release|Any CPU
		{8C6310FD-65C0-44C0-AE18-E741847F1FCC}.Release|iPhone.ActiveCfg = Release|Any CPU
		{8C6310FD-65C0-44C0-AE18-E741847F1FCC}.Release|iPhone.Build.0 = Release|Any CPU
		{8C6310FD-65C0-44C0-AE18-E741847F1FCC}.Release|iPhoneSimulator.ActiveCfg = Release|Any CPU
		{8C6310FD-65C0-44C0-AE18-E741847F1FCC}.Release|iPhoneSimulator.Build.0 = Release|Any CPU
		{8C6310FD-65C0-44C0-AE18-E741847F1FCC}.Release|x64.ActiveCfg = Release|Any CPU
		{8C6310FD-65C0-44C0-AE18-E741847F1FCC}.Release|x64.Build.0 = Release|Any CPU
		{8C6310FD-65C0-44C0-AE18-E741847F1FCC}.Release|x86.ActiveCfg = Release|Any CPU
		{8C6310FD-65C0-44C0-AE18-E741847F1FCC}.Release|x86.Build.0 = Release|Any CPU
		{6E0679DB-D792-4811-9BE4-8CDC1FBD65C7}.Debug|Any CPU.ActiveCfg = Debug|Any CPU
		{6E0679DB-D792-4811-9BE4-8CDC1FBD65C7}.Debug|Any CPU.Build.0 = Debug|Any CPU
		{6E0679DB-D792-4811-9BE4-8CDC1FBD65C7}.Debug|ARM.ActiveCfg = Debug|Any CPU
		{6E0679DB-D792-4811-9BE4-8CDC1FBD65C7}.Debug|ARM.Build.0 = Debug|Any CPU
		{6E0679DB-D792-4811-9BE4-8CDC1FBD65C7}.Debug|iPhone.ActiveCfg = Debug|Any CPU
		{6E0679DB-D792-4811-9BE4-8CDC1FBD65C7}.Debug|iPhone.Build.0 = Debug|Any CPU
		{6E0679DB-D792-4811-9BE4-8CDC1FBD65C7}.Debug|iPhoneSimulator.ActiveCfg = Debug|Any CPU
		{6E0679DB-D792-4811-9BE4-8CDC1FBD65C7}.Debug|iPhoneSimulator.Build.0 = Debug|Any CPU
		{6E0679DB-D792-4811-9BE4-8CDC1FBD65C7}.Debug|x64.ActiveCfg = Debug|Any CPU
		{6E0679DB-D792-4811-9BE4-8CDC1FBD65C7}.Debug|x64.Build.0 = Debug|Any CPU
		{6E0679DB-D792-4811-9BE4-8CDC1FBD65C7}.Debug|x86.ActiveCfg = Debug|Any CPU
		{6E0679DB-D792-4811-9BE4-8CDC1FBD65C7}.Debug|x86.Build.0 = Debug|Any CPU
		{6E0679DB-D792-4811-9BE4-8CDC1FBD65C7}.Release|Any CPU.ActiveCfg = Release|Any CPU
		{6E0679DB-D792-4811-9BE4-8CDC1FBD65C7}.Release|Any CPU.Build.0 = Release|Any CPU
		{6E0679DB-D792-4811-9BE4-8CDC1FBD65C7}.Release|ARM.ActiveCfg = Release|Any CPU
		{6E0679DB-D792-4811-9BE4-8CDC1FBD65C7}.Release|ARM.Build.0 = Release|Any CPU
		{6E0679DB-D792-4811-9BE4-8CDC1FBD65C7}.Release|iPhone.ActiveCfg = Release|Any CPU
		{6E0679DB-D792-4811-9BE4-8CDC1FBD65C7}.Release|iPhone.Build.0 = Release|Any CPU
		{6E0679DB-D792-4811-9BE4-8CDC1FBD65C7}.Release|iPhoneSimulator.ActiveCfg = Release|Any CPU
		{6E0679DB-D792-4811-9BE4-8CDC1FBD65C7}.Release|iPhoneSimulator.Build.0 = Release|Any CPU
		{6E0679DB-D792-4811-9BE4-8CDC1FBD65C7}.Release|x64.ActiveCfg = Release|Any CPU
		{6E0679DB-D792-4811-9BE4-8CDC1FBD65C7}.Release|x64.Build.0 = Release|Any CPU
		{6E0679DB-D792-4811-9BE4-8CDC1FBD65C7}.Release|x86.ActiveCfg = Release|Any CPU
		{6E0679DB-D792-4811-9BE4-8CDC1FBD65C7}.Release|x86.Build.0 = Release|Any CPU
		{ED2A16DB-E50A-46FC-B006-08694C662F09}.Debug|Any CPU.ActiveCfg = Debug|Any CPU
		{ED2A16DB-E50A-46FC-B006-08694C662F09}.Debug|Any CPU.Build.0 = Debug|Any CPU
		{ED2A16DB-E50A-46FC-B006-08694C662F09}.Debug|ARM.ActiveCfg = Debug|Any CPU
		{ED2A16DB-E50A-46FC-B006-08694C662F09}.Debug|ARM.Build.0 = Debug|Any CPU
		{ED2A16DB-E50A-46FC-B006-08694C662F09}.Debug|iPhone.ActiveCfg = Debug|Any CPU
		{ED2A16DB-E50A-46FC-B006-08694C662F09}.Debug|iPhone.Build.0 = Debug|Any CPU
		{ED2A16DB-E50A-46FC-B006-08694C662F09}.Debug|iPhoneSimulator.ActiveCfg = Debug|Any CPU
		{ED2A16DB-E50A-46FC-B006-08694C662F09}.Debug|iPhoneSimulator.Build.0 = Debug|Any CPU
		{ED2A16DB-E50A-46FC-B006-08694C662F09}.Debug|x64.ActiveCfg = Debug|Any CPU
		{ED2A16DB-E50A-46FC-B006-08694C662F09}.Debug|x64.Build.0 = Debug|Any CPU
		{ED2A16DB-E50A-46FC-B006-08694C662F09}.Debug|x86.ActiveCfg = Debug|Any CPU
		{ED2A16DB-E50A-46FC-B006-08694C662F09}.Debug|x86.Build.0 = Debug|Any CPU
		{ED2A16DB-E50A-46FC-B006-08694C662F09}.Release|Any CPU.ActiveCfg = Release|Any CPU
		{ED2A16DB-E50A-46FC-B006-08694C662F09}.Release|Any CPU.Build.0 = Release|Any CPU
		{ED2A16DB-E50A-46FC-B006-08694C662F09}.Release|ARM.ActiveCfg = Release|Any CPU
		{ED2A16DB-E50A-46FC-B006-08694C662F09}.Release|ARM.Build.0 = Release|Any CPU
		{ED2A16DB-E50A-46FC-B006-08694C662F09}.Release|iPhone.ActiveCfg = Release|Any CPU
		{ED2A16DB-E50A-46FC-B006-08694C662F09}.Release|iPhone.Build.0 = Release|Any CPU
		{ED2A16DB-E50A-46FC-B006-08694C662F09}.Release|iPhoneSimulator.ActiveCfg = Release|Any CPU
		{ED2A16DB-E50A-46FC-B006-08694C662F09}.Release|iPhoneSimulator.Build.0 = Release|Any CPU
		{ED2A16DB-E50A-46FC-B006-08694C662F09}.Release|x64.ActiveCfg = Release|Any CPU
		{ED2A16DB-E50A-46FC-B006-08694C662F09}.Release|x64.Build.0 = Release|Any CPU
		{ED2A16DB-E50A-46FC-B006-08694C662F09}.Release|x86.ActiveCfg = Release|Any CPU
		{ED2A16DB-E50A-46FC-B006-08694C662F09}.Release|x86.Build.0 = Release|Any CPU
		{3571C510-3B90-4F2D-9A1B-52676CDCBCDD}.Debug|Any CPU.ActiveCfg = Debug|Any CPU
		{3571C510-3B90-4F2D-9A1B-52676CDCBCDD}.Debug|Any CPU.Build.0 = Debug|Any CPU
		{3571C510-3B90-4F2D-9A1B-52676CDCBCDD}.Debug|ARM.ActiveCfg = Debug|Any CPU
		{3571C510-3B90-4F2D-9A1B-52676CDCBCDD}.Debug|ARM.Build.0 = Debug|Any CPU
		{3571C510-3B90-4F2D-9A1B-52676CDCBCDD}.Debug|iPhone.ActiveCfg = Debug|Any CPU
		{3571C510-3B90-4F2D-9A1B-52676CDCBCDD}.Debug|iPhone.Build.0 = Debug|Any CPU
		{3571C510-3B90-4F2D-9A1B-52676CDCBCDD}.Debug|iPhoneSimulator.ActiveCfg = Debug|Any CPU
		{3571C510-3B90-4F2D-9A1B-52676CDCBCDD}.Debug|iPhoneSimulator.Build.0 = Debug|Any CPU
		{3571C510-3B90-4F2D-9A1B-52676CDCBCDD}.Debug|x64.ActiveCfg = Debug|Any CPU
		{3571C510-3B90-4F2D-9A1B-52676CDCBCDD}.Debug|x64.Build.0 = Debug|Any CPU
		{3571C510-3B90-4F2D-9A1B-52676CDCBCDD}.Debug|x86.ActiveCfg = Debug|Any CPU
		{3571C510-3B90-4F2D-9A1B-52676CDCBCDD}.Debug|x86.Build.0 = Debug|Any CPU
		{3571C510-3B90-4F2D-9A1B-52676CDCBCDD}.Release|Any CPU.ActiveCfg = Release|Any CPU
		{3571C510-3B90-4F2D-9A1B-52676CDCBCDD}.Release|Any CPU.Build.0 = Release|Any CPU
		{3571C510-3B90-4F2D-9A1B-52676CDCBCDD}.Release|ARM.ActiveCfg = Release|Any CPU
		{3571C510-3B90-4F2D-9A1B-52676CDCBCDD}.Release|ARM.Build.0 = Release|Any CPU
		{3571C510-3B90-4F2D-9A1B-52676CDCBCDD}.Release|iPhone.ActiveCfg = Release|Any CPU
		{3571C510-3B90-4F2D-9A1B-52676CDCBCDD}.Release|iPhone.Build.0 = Release|Any CPU
		{3571C510-3B90-4F2D-9A1B-52676CDCBCDD}.Release|iPhoneSimulator.ActiveCfg = Release|Any CPU
		{3571C510-3B90-4F2D-9A1B-52676CDCBCDD}.Release|iPhoneSimulator.Build.0 = Release|Any CPU
		{3571C510-3B90-4F2D-9A1B-52676CDCBCDD}.Release|x64.ActiveCfg = Release|Any CPU
		{3571C510-3B90-4F2D-9A1B-52676CDCBCDD}.Release|x64.Build.0 = Release|Any CPU
		{3571C510-3B90-4F2D-9A1B-52676CDCBCDD}.Release|x86.ActiveCfg = Release|Any CPU
		{3571C510-3B90-4F2D-9A1B-52676CDCBCDD}.Release|x86.Build.0 = Release|Any CPU
		{F460ABE7-E38F-4FC4-934A-692056BDDE02}.Debug|Any CPU.ActiveCfg = Debug|Any CPU
		{F460ABE7-E38F-4FC4-934A-692056BDDE02}.Debug|Any CPU.Build.0 = Debug|Any CPU
		{F460ABE7-E38F-4FC4-934A-692056BDDE02}.Debug|ARM.ActiveCfg = Debug|Any CPU
		{F460ABE7-E38F-4FC4-934A-692056BDDE02}.Debug|ARM.Build.0 = Debug|Any CPU
		{F460ABE7-E38F-4FC4-934A-692056BDDE02}.Debug|iPhone.ActiveCfg = Debug|Any CPU
		{F460ABE7-E38F-4FC4-934A-692056BDDE02}.Debug|iPhone.Build.0 = Debug|Any CPU
		{F460ABE7-E38F-4FC4-934A-692056BDDE02}.Debug|iPhoneSimulator.ActiveCfg = Debug|Any CPU
		{F460ABE7-E38F-4FC4-934A-692056BDDE02}.Debug|iPhoneSimulator.Build.0 = Debug|Any CPU
		{F460ABE7-E38F-4FC4-934A-692056BDDE02}.Debug|x64.ActiveCfg = Debug|Any CPU
		{F460ABE7-E38F-4FC4-934A-692056BDDE02}.Debug|x64.Build.0 = Debug|Any CPU
		{F460ABE7-E38F-4FC4-934A-692056BDDE02}.Debug|x86.ActiveCfg = Debug|Any CPU
		{F460ABE7-E38F-4FC4-934A-692056BDDE02}.Debug|x86.Build.0 = Debug|Any CPU
		{F460ABE7-E38F-4FC4-934A-692056BDDE02}.Release|Any CPU.ActiveCfg = Release|Any CPU
		{F460ABE7-E38F-4FC4-934A-692056BDDE02}.Release|Any CPU.Build.0 = Release|Any CPU
		{F460ABE7-E38F-4FC4-934A-692056BDDE02}.Release|ARM.ActiveCfg = Release|Any CPU
		{F460ABE7-E38F-4FC4-934A-692056BDDE02}.Release|ARM.Build.0 = Release|Any CPU
		{F460ABE7-E38F-4FC4-934A-692056BDDE02}.Release|iPhone.ActiveCfg = Release|Any CPU
		{F460ABE7-E38F-4FC4-934A-692056BDDE02}.Release|iPhone.Build.0 = Release|Any CPU
		{F460ABE7-E38F-4FC4-934A-692056BDDE02}.Release|iPhoneSimulator.ActiveCfg = Release|Any CPU
		{F460ABE7-E38F-4FC4-934A-692056BDDE02}.Release|iPhoneSimulator.Build.0 = Release|Any CPU
		{F460ABE7-E38F-4FC4-934A-692056BDDE02}.Release|x64.ActiveCfg = Release|Any CPU
		{F460ABE7-E38F-4FC4-934A-692056BDDE02}.Release|x64.Build.0 = Release|Any CPU
		{F460ABE7-E38F-4FC4-934A-692056BDDE02}.Release|x86.ActiveCfg = Release|Any CPU
		{F460ABE7-E38F-4FC4-934A-692056BDDE02}.Release|x86.Build.0 = Release|Any CPU
		{8E2C56CF-CB42-4EAF-8883-C2E9CE125819}.Debug|Any CPU.ActiveCfg = Debug|x86
		{8E2C56CF-CB42-4EAF-8883-C2E9CE125819}.Debug|ARM.ActiveCfg = Debug|ARM
		{8E2C56CF-CB42-4EAF-8883-C2E9CE125819}.Debug|ARM.Build.0 = Debug|ARM
		{8E2C56CF-CB42-4EAF-8883-C2E9CE125819}.Debug|ARM.Deploy.0 = Debug|ARM
		{8E2C56CF-CB42-4EAF-8883-C2E9CE125819}.Debug|iPhone.ActiveCfg = Debug|x86
		{8E2C56CF-CB42-4EAF-8883-C2E9CE125819}.Debug|iPhoneSimulator.ActiveCfg = Debug|x86
		{8E2C56CF-CB42-4EAF-8883-C2E9CE125819}.Debug|x64.ActiveCfg = Debug|x64
		{8E2C56CF-CB42-4EAF-8883-C2E9CE125819}.Debug|x64.Build.0 = Debug|x64
		{8E2C56CF-CB42-4EAF-8883-C2E9CE125819}.Debug|x64.Deploy.0 = Debug|x64
		{8E2C56CF-CB42-4EAF-8883-C2E9CE125819}.Debug|x86.ActiveCfg = Debug|x86
		{8E2C56CF-CB42-4EAF-8883-C2E9CE125819}.Debug|x86.Build.0 = Debug|x86
		{8E2C56CF-CB42-4EAF-8883-C2E9CE125819}.Debug|x86.Deploy.0 = Debug|x86
		{8E2C56CF-CB42-4EAF-8883-C2E9CE125819}.Release|Any CPU.ActiveCfg = Release|x86
		{8E2C56CF-CB42-4EAF-8883-C2E9CE125819}.Release|ARM.ActiveCfg = Release|ARM
		{8E2C56CF-CB42-4EAF-8883-C2E9CE125819}.Release|ARM.Build.0 = Release|ARM
		{8E2C56CF-CB42-4EAF-8883-C2E9CE125819}.Release|ARM.Deploy.0 = Release|ARM
		{8E2C56CF-CB42-4EAF-8883-C2E9CE125819}.Release|iPhone.ActiveCfg = Release|x86
		{8E2C56CF-CB42-4EAF-8883-C2E9CE125819}.Release|iPhoneSimulator.ActiveCfg = Release|x86
		{8E2C56CF-CB42-4EAF-8883-C2E9CE125819}.Release|x64.ActiveCfg = Release|x64
		{8E2C56CF-CB42-4EAF-8883-C2E9CE125819}.Release|x64.Build.0 = Release|x64
		{8E2C56CF-CB42-4EAF-8883-C2E9CE125819}.Release|x64.Deploy.0 = Release|x64
		{8E2C56CF-CB42-4EAF-8883-C2E9CE125819}.Release|x86.ActiveCfg = Release|x86
		{8E2C56CF-CB42-4EAF-8883-C2E9CE125819}.Release|x86.Build.0 = Release|x86
		{8E2C56CF-CB42-4EAF-8883-C2E9CE125819}.Release|x86.Deploy.0 = Release|x86
		{1C25F4F8-1B4B-4A6C-B204-0D91847C5E02}.Debug|Any CPU.ActiveCfg = Debug|Any CPU
		{1C25F4F8-1B4B-4A6C-B204-0D91847C5E02}.Debug|Any CPU.Build.0 = Debug|Any CPU
		{1C25F4F8-1B4B-4A6C-B204-0D91847C5E02}.Debug|Any CPU.Deploy.0 = Debug|Any CPU
		{1C25F4F8-1B4B-4A6C-B204-0D91847C5E02}.Debug|ARM.ActiveCfg = Debug|Any CPU
		{1C25F4F8-1B4B-4A6C-B204-0D91847C5E02}.Debug|ARM.Build.0 = Debug|Any CPU
		{1C25F4F8-1B4B-4A6C-B204-0D91847C5E02}.Debug|ARM.Deploy.0 = Debug|Any CPU
		{1C25F4F8-1B4B-4A6C-B204-0D91847C5E02}.Debug|iPhone.ActiveCfg = Debug|Any CPU
		{1C25F4F8-1B4B-4A6C-B204-0D91847C5E02}.Debug|iPhone.Build.0 = Debug|Any CPU
		{1C25F4F8-1B4B-4A6C-B204-0D91847C5E02}.Debug|iPhone.Deploy.0 = Debug|Any CPU
		{1C25F4F8-1B4B-4A6C-B204-0D91847C5E02}.Debug|iPhoneSimulator.ActiveCfg = Debug|Any CPU
		{1C25F4F8-1B4B-4A6C-B204-0D91847C5E02}.Debug|iPhoneSimulator.Build.0 = Debug|Any CPU
		{1C25F4F8-1B4B-4A6C-B204-0D91847C5E02}.Debug|iPhoneSimulator.Deploy.0 = Debug|Any CPU
		{1C25F4F8-1B4B-4A6C-B204-0D91847C5E02}.Debug|x64.ActiveCfg = Debug|Any CPU
		{1C25F4F8-1B4B-4A6C-B204-0D91847C5E02}.Debug|x64.Build.0 = Debug|Any CPU
		{1C25F4F8-1B4B-4A6C-B204-0D91847C5E02}.Debug|x64.Deploy.0 = Debug|Any CPU
		{1C25F4F8-1B4B-4A6C-B204-0D91847C5E02}.Debug|x86.ActiveCfg = Debug|Any CPU
		{1C25F4F8-1B4B-4A6C-B204-0D91847C5E02}.Debug|x86.Build.0 = Debug|Any CPU
		{1C25F4F8-1B4B-4A6C-B204-0D91847C5E02}.Debug|x86.Deploy.0 = Debug|Any CPU
		{1C25F4F8-1B4B-4A6C-B204-0D91847C5E02}.Release|Any CPU.ActiveCfg = Release|Any CPU
		{1C25F4F8-1B4B-4A6C-B204-0D91847C5E02}.Release|Any CPU.Build.0 = Release|Any CPU
		{1C25F4F8-1B4B-4A6C-B204-0D91847C5E02}.Release|Any CPU.Deploy.0 = Release|Any CPU
		{1C25F4F8-1B4B-4A6C-B204-0D91847C5E02}.Release|ARM.ActiveCfg = Release|Any CPU
		{1C25F4F8-1B4B-4A6C-B204-0D91847C5E02}.Release|ARM.Build.0 = Release|Any CPU
		{1C25F4F8-1B4B-4A6C-B204-0D91847C5E02}.Release|ARM.Deploy.0 = Release|Any CPU
		{1C25F4F8-1B4B-4A6C-B204-0D91847C5E02}.Release|iPhone.ActiveCfg = Release|Any CPU
		{1C25F4F8-1B4B-4A6C-B204-0D91847C5E02}.Release|iPhone.Build.0 = Release|Any CPU
		{1C25F4F8-1B4B-4A6C-B204-0D91847C5E02}.Release|iPhone.Deploy.0 = Release|Any CPU
		{1C25F4F8-1B4B-4A6C-B204-0D91847C5E02}.Release|iPhoneSimulator.ActiveCfg = Release|Any CPU
		{1C25F4F8-1B4B-4A6C-B204-0D91847C5E02}.Release|iPhoneSimulator.Build.0 = Release|Any CPU
		{1C25F4F8-1B4B-4A6C-B204-0D91847C5E02}.Release|iPhoneSimulator.Deploy.0 = Release|Any CPU
		{1C25F4F8-1B4B-4A6C-B204-0D91847C5E02}.Release|x64.ActiveCfg = Release|Any CPU
		{1C25F4F8-1B4B-4A6C-B204-0D91847C5E02}.Release|x64.Build.0 = Release|Any CPU
		{1C25F4F8-1B4B-4A6C-B204-0D91847C5E02}.Release|x64.Deploy.0 = Release|Any CPU
		{1C25F4F8-1B4B-4A6C-B204-0D91847C5E02}.Release|x86.ActiveCfg = Release|Any CPU
		{1C25F4F8-1B4B-4A6C-B204-0D91847C5E02}.Release|x86.Build.0 = Release|Any CPU
		{1C25F4F8-1B4B-4A6C-B204-0D91847C5E02}.Release|x86.Deploy.0 = Release|Any CPU
		{4025D048-D244-4216-B204-F77D3D07D866}.Debug|Any CPU.ActiveCfg = Debug|iPhone
		{4025D048-D244-4216-B204-F77D3D07D866}.Debug|ARM.ActiveCfg = Debug|iPhone
		{4025D048-D244-4216-B204-F77D3D07D866}.Debug|iPhone.ActiveCfg = Debug|iPhone
		{4025D048-D244-4216-B204-F77D3D07D866}.Debug|iPhone.Build.0 = Debug|iPhone
		{4025D048-D244-4216-B204-F77D3D07D866}.Debug|iPhoneSimulator.ActiveCfg = Debug|iPhoneSimulator
		{4025D048-D244-4216-B204-F77D3D07D866}.Debug|iPhoneSimulator.Build.0 = Debug|iPhoneSimulator
		{4025D048-D244-4216-B204-F77D3D07D866}.Debug|x64.ActiveCfg = Debug|iPhone
		{4025D048-D244-4216-B204-F77D3D07D866}.Debug|x86.ActiveCfg = Debug|iPhone
		{4025D048-D244-4216-B204-F77D3D07D866}.Release|Any CPU.ActiveCfg = Release|iPhone
		{4025D048-D244-4216-B204-F77D3D07D866}.Release|ARM.ActiveCfg = Release|iPhone
		{4025D048-D244-4216-B204-F77D3D07D866}.Release|iPhone.ActiveCfg = Release|iPhone
		{4025D048-D244-4216-B204-F77D3D07D866}.Release|iPhone.Build.0 = Release|iPhone
		{4025D048-D244-4216-B204-F77D3D07D866}.Release|iPhoneSimulator.ActiveCfg = Release|iPhoneSimulator
		{4025D048-D244-4216-B204-F77D3D07D866}.Release|iPhoneSimulator.Build.0 = Release|iPhoneSimulator
		{4025D048-D244-4216-B204-F77D3D07D866}.Release|x64.ActiveCfg = Release|iPhone
		{4025D048-D244-4216-B204-F77D3D07D866}.Release|x86.ActiveCfg = Release|iPhone
		{2E3D6432-D353-4879-AEF4-2512C951393D}.Debug|Any CPU.ActiveCfg = Debug|Any CPU
		{2E3D6432-D353-4879-AEF4-2512C951393D}.Debug|Any CPU.Build.0 = Debug|Any CPU
		{2E3D6432-D353-4879-AEF4-2512C951393D}.Debug|ARM.ActiveCfg = Debug|Any CPU
		{2E3D6432-D353-4879-AEF4-2512C951393D}.Debug|ARM.Build.0 = Debug|Any CPU
		{2E3D6432-D353-4879-AEF4-2512C951393D}.Debug|iPhone.ActiveCfg = Debug|Any CPU
		{2E3D6432-D353-4879-AEF4-2512C951393D}.Debug|iPhone.Build.0 = Debug|Any CPU
		{2E3D6432-D353-4879-AEF4-2512C951393D}.Debug|iPhoneSimulator.ActiveCfg = Debug|Any CPU
		{2E3D6432-D353-4879-AEF4-2512C951393D}.Debug|iPhoneSimulator.Build.0 = Debug|Any CPU
		{2E3D6432-D353-4879-AEF4-2512C951393D}.Debug|x64.ActiveCfg = Debug|Any CPU
		{2E3D6432-D353-4879-AEF4-2512C951393D}.Debug|x64.Build.0 = Debug|Any CPU
		{2E3D6432-D353-4879-AEF4-2512C951393D}.Debug|x86.ActiveCfg = Debug|Any CPU
		{2E3D6432-D353-4879-AEF4-2512C951393D}.Debug|x86.Build.0 = Debug|Any CPU
		{2E3D6432-D353-4879-AEF4-2512C951393D}.Release|Any CPU.ActiveCfg = Release|Any CPU
		{2E3D6432-D353-4879-AEF4-2512C951393D}.Release|Any CPU.Build.0 = Release|Any CPU
		{2E3D6432-D353-4879-AEF4-2512C951393D}.Release|ARM.ActiveCfg = Release|Any CPU
		{2E3D6432-D353-4879-AEF4-2512C951393D}.Release|ARM.Build.0 = Release|Any CPU
		{2E3D6432-D353-4879-AEF4-2512C951393D}.Release|iPhone.ActiveCfg = Release|Any CPU
		{2E3D6432-D353-4879-AEF4-2512C951393D}.Release|iPhone.Build.0 = Release|Any CPU
		{2E3D6432-D353-4879-AEF4-2512C951393D}.Release|iPhoneSimulator.ActiveCfg = Release|Any CPU
		{2E3D6432-D353-4879-AEF4-2512C951393D}.Release|iPhoneSimulator.Build.0 = Release|Any CPU
		{2E3D6432-D353-4879-AEF4-2512C951393D}.Release|x64.ActiveCfg = Release|Any CPU
		{2E3D6432-D353-4879-AEF4-2512C951393D}.Release|x64.Build.0 = Release|Any CPU
		{2E3D6432-D353-4879-AEF4-2512C951393D}.Release|x86.ActiveCfg = Release|Any CPU
		{2E3D6432-D353-4879-AEF4-2512C951393D}.Release|x86.Build.0 = Release|Any CPU
	EndGlobalSection
	GlobalSection(SolutionProperties) = preSolution
		HideSolutionNode = FALSE
	EndGlobalSection
	GlobalSection(ExtensibilityGlobals) = postSolution
		SolutionGuid = {869B146F-90F3-4C02-A8E6-3021E16A4A60}
	EndGlobalSection
EndGlobal
