
Microsoft Visual Studio Solution File, Format Version 12.00
# Visual Studio Version 16
VisualStudioVersion = 16.0.29806.167
MinimumVisualStudioVersion = 10.0.40219.1
Project("{FAE04EC0-301F-11D3-BF4B-00C04F79EFBC}") = "DAL", "DAL\DAL.csproj", "{8D4ADB88-6BE0-498E-B5FE-3878DF407742}"
EndProject
Project("{9A19103F-16F7-4668-BE54-9A1E7A4F7556}") = "EntitiesStandart", "EntitiesStandart\EntitiesStandart.csproj", "{B82777D6-C458-4088-B896-05A68D39B767}"
EndProject
Project("{FAE04EC0-301F-11D3-BF4B-00C04F79EFBC}") = "TestConsola", "TestConsola\TestConsola.csproj", "{1DBC5F83-20F2-413C-A09E-DD741534EAFF}"
EndProject
Project("{FAE04EC0-301F-11D3-BF4B-00C04F79EFBC}") = "BLL", "BLL\BLL.csproj", "{10BC6B5A-B8B0-43C5-AC34-25C6B96CC9A4}"
EndProject
Project("{FAE04EC0-301F-11D3-BF4B-00C04F79EFBC}") = "SLC", "SLC\SLC.csproj", "{8C6310FD-65C0-44C0-AE18-E741847F1FCC}"
EndProject
Global
	GlobalSection(SolutionConfigurationPlatforms) = preSolution
		Debug|Any CPU = Debug|Any CPU
		Release|Any CPU = Release|Any CPU
	EndGlobalSection
	GlobalSection(ProjectConfigurationPlatforms) = postSolution
		{8D4ADB88-6BE0-498E-B5FE-3878DF407742}.Debug|Any CPU.ActiveCfg = Debug|Any CPU
		{8D4ADB88-6BE0-498E-B5FE-3878DF407742}.Debug|Any CPU.Build.0 = Debug|Any CPU
		{8D4ADB88-6BE0-498E-B5FE-3878DF407742}.Release|Any CPU.ActiveCfg = Release|Any CPU
		{8D4ADB88-6BE0-498E-B5FE-3878DF407742}.Release|Any CPU.Build.0 = Release|Any CPU
		{B82777D6-C458-4088-B896-05A68D39B767}.Debug|Any CPU.ActiveCfg = Debug|Any CPU
		{B82777D6-C458-4088-B896-05A68D39B767}.Debug|Any CPU.Build.0 = Debug|Any CPU
		{B82777D6-C458-4088-B896-05A68D39B767}.Release|Any CPU.ActiveCfg = Release|Any CPU
		{B82777D6-C458-4088-B896-05A68D39B767}.Release|Any CPU.Build.0 = Release|Any CPU
		{1DBC5F83-20F2-413C-A09E-DD741534EAFF}.Debug|Any CPU.ActiveCfg = Debug|Any CPU
		{1DBC5F83-20F2-413C-A09E-DD741534EAFF}.Debug|Any CPU.Build.0 = Debug|Any CPU
		{1DBC5F83-20F2-413C-A09E-DD741534EAFF}.Release|Any CPU.ActiveCfg = Release|Any CPU
		{1DBC5F83-20F2-413C-A09E-DD741534EAFF}.Release|Any CPU.Build.0 = Release|Any CPU
		{10BC6B5A-B8B0-43C5-AC34-25C6B96CC9A4}.Debug|Any CPU.ActiveCfg = Debug|Any CPU
		{10BC6B5A-B8B0-43C5-AC34-25C6B96CC9A4}.Debug|Any CPU.Build.0 = Debug|Any CPU
		{10BC6B5A-B8B0-43C5-AC34-25C6B96CC9A4}.Release|Any CPU.ActiveCfg = Release|Any CPU
		{10BC6B5A-B8B0-43C5-AC34-25C6B96CC9A4}.Release|Any CPU.Build.0 = Release|Any CPU
		{8C6310FD-65C0-44C0-AE18-E741847F1FCC}.Debug|Any CPU.ActiveCfg = Debug|Any CPU
		{8C6310FD-65C0-44C0-AE18-E741847F1FCC}.Debug|Any CPU.Build.0 = Debug|Any CPU
		{8C6310FD-65C0-44C0-AE18-E741847F1FCC}.Release|Any CPU.ActiveCfg = Release|Any CPU
		{8C6310FD-65C0-44C0-AE18-E741847F1FCC}.Release|Any CPU.Build.0 = Release|Any CPU
	EndGlobalSection
	GlobalSection(SolutionProperties) = preSolution
		HideSolutionNode = FALSE
	EndGlobalSection
	GlobalSection(ExtensibilityGlobals) = postSolution
		SolutionGuid = {869B146F-90F3-4C02-A8E6-3021E16A4A60}
	EndGlobalSection
EndGlobal
